# auto-generated by grc.converter

id: blocksat_da_carrier_phase_rec
label: DA Carrier Phase Recovery
category: '[Blockstream Satellite]/Synchronizers'

parameters:
-   id: preamble_syms
    label: Preamble Symbols
    dtype: complex_vector
-   id: noise_bw
    label: Noise Bandwidth
    dtype: float
-   id: damp_factor
    label: Damping Factor
    dtype: float
-   id: M
    label: Constellation Order
    dtype: int
-   id: data_aided
    label: Operation Mode
    dtype: enum
    options: ['True', 'False']
    option_labels: [Data-aided Only, Data + Decision]
    option_attributes:
        type: [bool, bool]
-   id: reset_per_frame
    label: Reset State
    dtype: bool
    default: 'True'
    options: ['True', 'False']
    option_labels: [Per Frame, Never]
-   id: tracking_syms
    label: Tracking Symbols
    dtype: complex_vector
-   id: tracking_interval
    label: Tracking Interval
    dtype: int
-   id: frame_len
    label: Frame Length
    dtype: int
-   id: debug_stats
    label: Debug Stats
    dtype: bool
    default: 'False'
-   id: alpha
    label: Averaging Alpha
    dtype: float
    default: '0.001'

inputs:
-   label: sym_in
    domain: stream
    dtype: complex

outputs:
-   label: sym_out
    domain: stream
    dtype: complex
-   label: error
    domain: stream
    dtype: float

templates:
    imports: import blocksat
    make: |-
        blocksat.da_carrier_phase_rec(${preamble_syms}, ${noise_bw}, ${damp_factor},
          ${M}, ${data_aided}, ${reset_per_frame}, ${tracking_syms}, ${tracking_interval}, ${frame_len}, ${debug_stats}, ${alpha})
    callbacks:
    - get_snr()

file_format: 1
